
Microsoft Visual Studio Solution File, Format Version 12.00
# Visual Studio Version 17
VisualStudioVersion = 17.9.34723.18
MinimumVisualStudioVersion = 10.0.40219.1
Project("{2150E333-8FDC-42A3-9474-1A3956D46DE8}") = "A-Creational", "A-Creational", "{5FDD0268-D9B3-4C51-9B44-4974385C6ACF}"
EndProject
Project("{2150E333-8FDC-42A3-9474-1A3956D46DE8}") = "01-Singleton", "01-Singleton", "{EB53B02D-C51A-4761-905D-E41201AFC874}"
EndProject
Project("{9A19103F-16F7-4668-BE54-9A1E7A4F7556}") = "Singleton", "Singleton\Singleton.csproj", "{3D12CE8A-D6C6-440C-8450-2B51FF5E356E}"
EndProject
Project("{2150E333-8FDC-42A3-9474-1A3956D46DE8}") = "02-FactoryMethod", "02-FactoryMethod", "{4CA3E7EB-EDDA-4B7E-94ED-E7EF2C8F5E60}"
EndProject
Project("{9A19103F-16F7-4668-BE54-9A1E7A4F7556}") = "FactoryMethod", "FactoryMethod\FactoryMethod.csproj", "{2640E83F-5CBA-4686-808A-F32AE454AF16}"
EndProject
Project("{2150E333-8FDC-42A3-9474-1A3956D46DE8}") = "03-AbstractFactory", "03-AbstractFactory", "{4466EB28-4F2A-41C5-B48C-A662FD92D690}"
EndProject
Project("{9A19103F-16F7-4668-BE54-9A1E7A4F7556}") = "AbstractFactory", "AbstractFactory\AbstractFactory.csproj", "{4F7D63C6-8826-4D77-B898-7B753A66BD52}"
EndProject
Project("{2150E333-8FDC-42A3-9474-1A3956D46DE8}") = "04-Builder", "04-Builder", "{3B271513-49BD-4172-A869-4EC095C42FDA}"
EndProject
Project("{9A19103F-16F7-4668-BE54-9A1E7A4F7556}") = "Builder", "Builder\Builder.csproj", "{87F02AAF-1E08-47B5-8760-7E374E5F10DF}"
EndProject
Project("{2150E333-8FDC-42A3-9474-1A3956D46DE8}") = "05-Prototype", "05-Prototype", "{2CD13A28-163F-407B-8CD8-C5CDE1BF4A40}"
EndProject
Project("{9A19103F-16F7-4668-BE54-9A1E7A4F7556}") = "Prototype", "Prototype\Prototype.csproj", "{62D9F9FA-368B-4C22-BD35-84746682B17F}"
EndProject
Project("{2150E333-8FDC-42A3-9474-1A3956D46DE8}") = "B-Structural", "B-Structural", "{317D3AA0-3E21-4286-860D-35A2FFD9769A}"
EndProject
Project("{2150E333-8FDC-42A3-9474-1A3956D46DE8}") = "06-Adapter", "06-Adapter", "{EDDF3D55-700E-4A22-8C93-28B8FAE83EE2}"
EndProject
Project("{9A19103F-16F7-4668-BE54-9A1E7A4F7556}") = "Adapter", "Adapter\Adapter.csproj", "{BCDACD13-B714-4652-8B4E-0251DDCC8175}"
EndProject
Project("{2150E333-8FDC-42A3-9474-1A3956D46DE8}") = "07-Bridge", "07-Bridge", "{F721211D-2BB0-4E54-8BAB-961A7DA9CC74}"
EndProject
Project("{9A19103F-16F7-4668-BE54-9A1E7A4F7556}") = "Bridge", "Bridge\Bridge.csproj", "{D933325B-EC10-4367-956E-A263598F975C}"
EndProject
Project("{2150E333-8FDC-42A3-9474-1A3956D46DE8}") = "08-Decorator", "08-Decorator", "{3888DAB9-1BE4-41DE-B601-21888DBD9E0E}"
EndProject
Project("{9A19103F-16F7-4668-BE54-9A1E7A4F7556}") = "Decorator", "Decorator\Decorator.csproj", "{1BCB4372-6AC4-4040-846D-9007BCC436C9}"
EndProject
Project("{2150E333-8FDC-42A3-9474-1A3956D46DE8}") = "09-Composite", "09-Composite", "{39A3CDC8-CC9F-48AA-B719-608196C6E1D6}"
EndProject
Project("{9A19103F-16F7-4668-BE54-9A1E7A4F7556}") = "Composite", "Composite\Composite.csproj", "{1DC99BF2-D2F5-403B-B06E-3195C38AEC40}"
EndProject
Project("{2150E333-8FDC-42A3-9474-1A3956D46DE8}") = "10-Facade", "10-Facade", "{7325899A-AA3B-4164-8389-2DC86A4AFC98}"
EndProject
Project("{9A19103F-16F7-4668-BE54-9A1E7A4F7556}") = "Facade", "Facade\Facade.csproj", "{08F7F028-DA61-4E97-B0A8-B15F5293CE96}"
EndProject
Project("{2150E333-8FDC-42A3-9474-1A3956D46DE8}") = "11-Flyweight", "11-Flyweight", "{FA0BC5E9-3017-4075-93A6-114C53779A0C}"
EndProject
Project("{FAE04EC0-301F-11D3-BF4B-00C04F79EFBC}") = "Flyweight", "Flyweight\Flyweight.csproj", "{A70CADA4-519E-47DC-9482-B1C7B935EA49}"
EndProject
Project("{2150E333-8FDC-42A3-9474-1A3956D46DE8}") = "12-Proxy", "12-Proxy", "{B59BFF88-87B7-4E81-B32B-8AE0E910F093}"
EndProject
Project("{FAE04EC0-301F-11D3-BF4B-00C04F79EFBC}") = "Proxy", "Proxy\Proxy.csproj", "{1B1DAFD8-23DB-4B1A-8951-031A3CBD10B9}"
EndProject
Global
	GlobalSection(SolutionConfigurationPlatforms) = preSolution
		Debug|Any CPU = Debug|Any CPU
		Release|Any CPU = Release|Any CPU
	EndGlobalSection
	GlobalSection(ProjectConfigurationPlatforms) = postSolution
		{3D12CE8A-D6C6-440C-8450-2B51FF5E356E}.Debug|Any CPU.ActiveCfg = Debug|Any CPU
		{3D12CE8A-D6C6-440C-8450-2B51FF5E356E}.Debug|Any CPU.Build.0 = Debug|Any CPU
		{3D12CE8A-D6C6-440C-8450-2B51FF5E356E}.Release|Any CPU.ActiveCfg = Release|Any CPU
		{3D12CE8A-D6C6-440C-8450-2B51FF5E356E}.Release|Any CPU.Build.0 = Release|Any CPU
		{2640E83F-5CBA-4686-808A-F32AE454AF16}.Debug|Any CPU.ActiveCfg = Debug|Any CPU
		{2640E83F-5CBA-4686-808A-F32AE454AF16}.Debug|Any CPU.Build.0 = Debug|Any CPU
		{2640E83F-5CBA-4686-808A-F32AE454AF16}.Release|Any CPU.ActiveCfg = Release|Any CPU
		{2640E83F-5CBA-4686-808A-F32AE454AF16}.Release|Any CPU.Build.0 = Release|Any CPU
		{4F7D63C6-8826-4D77-B898-7B753A66BD52}.Debug|Any CPU.ActiveCfg = Debug|Any CPU
		{4F7D63C6-8826-4D77-B898-7B753A66BD52}.Debug|Any CPU.Build.0 = Debug|Any CPU
		{4F7D63C6-8826-4D77-B898-7B753A66BD52}.Release|Any CPU.ActiveCfg = Release|Any CPU
		{4F7D63C6-8826-4D77-B898-7B753A66BD52}.Release|Any CPU.Build.0 = Release|Any CPU
		{87F02AAF-1E08-47B5-8760-7E374E5F10DF}.Debug|Any CPU.ActiveCfg = Debug|Any CPU
		{87F02AAF-1E08-47B5-8760-7E374E5F10DF}.Debug|Any CPU.Build.0 = Debug|Any CPU
		{87F02AAF-1E08-47B5-8760-7E374E5F10DF}.Release|Any CPU.ActiveCfg = Release|Any CPU
		{87F02AAF-1E08-47B5-8760-7E374E5F10DF}.Release|Any CPU.Build.0 = Release|Any CPU
		{62D9F9FA-368B-4C22-BD35-84746682B17F}.Debug|Any CPU.ActiveCfg = Debug|Any CPU
		{62D9F9FA-368B-4C22-BD35-84746682B17F}.Debug|Any CPU.Build.0 = Debug|Any CPU
		{62D9F9FA-368B-4C22-BD35-84746682B17F}.Release|Any CPU.ActiveCfg = Release|Any CPU
		{62D9F9FA-368B-4C22-BD35-84746682B17F}.Release|Any CPU.Build.0 = Release|Any CPU
		{BCDACD13-B714-4652-8B4E-0251DDCC8175}.Debug|Any CPU.ActiveCfg = Debug|Any CPU
		{BCDACD13-B714-4652-8B4E-0251DDCC8175}.Debug|Any CPU.Build.0 = Debug|Any CPU
		{BCDACD13-B714-4652-8B4E-0251DDCC8175}.Release|Any CPU.ActiveCfg = Release|Any CPU
		{BCDACD13-B714-4652-8B4E-0251DDCC8175}.Release|Any CPU.Build.0 = Release|Any CPU
		{D933325B-EC10-4367-956E-A263598F975C}.Debug|Any CPU.ActiveCfg = Debug|Any CPU
		{D933325B-EC10-4367-956E-A263598F975C}.Debug|Any CPU.Build.0 = Debug|Any CPU
		{D933325B-EC10-4367-956E-A263598F975C}.Release|Any CPU.ActiveCfg = Release|Any CPU
		{D933325B-EC10-4367-956E-A263598F975C}.Release|Any CPU.Build.0 = Release|Any CPU
		{1BCB4372-6AC4-4040-846D-9007BCC436C9}.Debug|Any CPU.ActiveCfg = Debug|Any CPU
		{1BCB4372-6AC4-4040-846D-9007BCC436C9}.Debug|Any CPU.Build.0 = Debug|Any CPU
		{1BCB4372-6AC4-4040-846D-9007BCC436C9}.Release|Any CPU.ActiveCfg = Release|Any CPU
		{1BCB4372-6AC4-4040-846D-9007BCC436C9}.Release|Any CPU.Build.0 = Release|Any CPU
		{1DC99BF2-D2F5-403B-B06E-3195C38AEC40}.Debug|Any CPU.ActiveCfg = Debug|Any CPU
		{1DC99BF2-D2F5-403B-B06E-3195C38AEC40}.Debug|Any CPU.Build.0 = Debug|Any CPU
		{1DC99BF2-D2F5-403B-B06E-3195C38AEC40}.Release|Any CPU.ActiveCfg = Release|Any CPU
		{1DC99BF2-D2F5-403B-B06E-3195C38AEC40}.Release|Any CPU.Build.0 = Release|Any CPU
		{08F7F028-DA61-4E97-B0A8-B15F5293CE96}.Debug|Any CPU.ActiveCfg = Debug|Any CPU
		{08F7F028-DA61-4E97-B0A8-B15F5293CE96}.Debug|Any CPU.Build.0 = Debug|Any CPU
		{08F7F028-DA61-4E97-B0A8-B15F5293CE96}.Release|Any CPU.ActiveCfg = Release|Any CPU
		{08F7F028-DA61-4E97-B0A8-B15F5293CE96}.Release|Any CPU.Build.0 = Release|Any CPU
		{A70CADA4-519E-47DC-9482-B1C7B935EA49}.Debug|Any CPU.ActiveCfg = Debug|Any CPU
		{A70CADA4-519E-47DC-9482-B1C7B935EA49}.Debug|Any CPU.Build.0 = Debug|Any CPU
		{A70CADA4-519E-47DC-9482-B1C7B935EA49}.Release|Any CPU.ActiveCfg = Release|Any CPU
		{A70CADA4-519E-47DC-9482-B1C7B935EA49}.Release|Any CPU.Build.0 = Release|Any CPU
		{1B1DAFD8-23DB-4B1A-8951-031A3CBD10B9}.Debug|Any CPU.ActiveCfg = Debug|Any CPU
		{1B1DAFD8-23DB-4B1A-8951-031A3CBD10B9}.Debug|Any CPU.Build.0 = Debug|Any CPU
		{1B1DAFD8-23DB-4B1A-8951-031A3CBD10B9}.Release|Any CPU.ActiveCfg = Release|Any CPU
		{1B1DAFD8-23DB-4B1A-8951-031A3CBD10B9}.Release|Any CPU.Build.0 = Release|Any CPU
	EndGlobalSection
	GlobalSection(SolutionProperties) = preSolution
		HideSolutionNode = FALSE
	EndGlobalSection
	GlobalSection(NestedProjects) = preSolution
		{EB53B02D-C51A-4761-905D-E41201AFC874} = {5FDD0268-D9B3-4C51-9B44-4974385C6ACF}
		{3D12CE8A-D6C6-440C-8450-2B51FF5E356E} = {EB53B02D-C51A-4761-905D-E41201AFC874}
		{4CA3E7EB-EDDA-4B7E-94ED-E7EF2C8F5E60} = {5FDD0268-D9B3-4C51-9B44-4974385C6ACF}
		{2640E83F-5CBA-4686-808A-F32AE454AF16} = {4CA3E7EB-EDDA-4B7E-94ED-E7EF2C8F5E60}
		{4466EB28-4F2A-41C5-B48C-A662FD92D690} = {5FDD0268-D9B3-4C51-9B44-4974385C6ACF}
		{4F7D63C6-8826-4D77-B898-7B753A66BD52} = {4466EB28-4F2A-41C5-B48C-A662FD92D690}
		{3B271513-49BD-4172-A869-4EC095C42FDA} = {5FDD0268-D9B3-4C51-9B44-4974385C6ACF}
		{87F02AAF-1E08-47B5-8760-7E374E5F10DF} = {3B271513-49BD-4172-A869-4EC095C42FDA}
		{2CD13A28-163F-407B-8CD8-C5CDE1BF4A40} = {5FDD0268-D9B3-4C51-9B44-4974385C6ACF}
		{62D9F9FA-368B-4C22-BD35-84746682B17F} = {2CD13A28-163F-407B-8CD8-C5CDE1BF4A40}
		{EDDF3D55-700E-4A22-8C93-28B8FAE83EE2} = {317D3AA0-3E21-4286-860D-35A2FFD9769A}
		{BCDACD13-B714-4652-8B4E-0251DDCC8175} = {EDDF3D55-700E-4A22-8C93-28B8FAE83EE2}
		{F721211D-2BB0-4E54-8BAB-961A7DA9CC74} = {317D3AA0-3E21-4286-860D-35A2FFD9769A}
		{D933325B-EC10-4367-956E-A263598F975C} = {F721211D-2BB0-4E54-8BAB-961A7DA9CC74}
		{3888DAB9-1BE4-41DE-B601-21888DBD9E0E} = {317D3AA0-3E21-4286-860D-35A2FFD9769A}
		{1BCB4372-6AC4-4040-846D-9007BCC436C9} = {3888DAB9-1BE4-41DE-B601-21888DBD9E0E}
		{39A3CDC8-CC9F-48AA-B719-608196C6E1D6} = {317D3AA0-3E21-4286-860D-35A2FFD9769A}
		{1DC99BF2-D2F5-403B-B06E-3195C38AEC40} = {39A3CDC8-CC9F-48AA-B719-608196C6E1D6}
		{7325899A-AA3B-4164-8389-2DC86A4AFC98} = {317D3AA0-3E21-4286-860D-35A2FFD9769A}
		{08F7F028-DA61-4E97-B0A8-B15F5293CE96} = {7325899A-AA3B-4164-8389-2DC86A4AFC98}
		{FA0BC5E9-3017-4075-93A6-114C53779A0C} = {317D3AA0-3E21-4286-860D-35A2FFD9769A}
		{A70CADA4-519E-47DC-9482-B1C7B935EA49} = {FA0BC5E9-3017-4075-93A6-114C53779A0C}
		{B59BFF88-87B7-4E81-B32B-8AE0E910F093} = {317D3AA0-3E21-4286-860D-35A2FFD9769A}
		{1B1DAFD8-23DB-4B1A-8951-031A3CBD10B9} = {B59BFF88-87B7-4E81-B32B-8AE0E910F093}
	EndGlobalSection
	GlobalSection(ExtensibilityGlobals) = postSolution
		SolutionGuid = {6F8FBA3E-2212-4D48-8ACD-6F58B4437118}
	EndGlobalSection
EndGlobal
